dependencies:
- name: app
  repository: file://charts/app
  version: 0.1.0
- name: console
  repository: file://charts/console
  version: 0.1.0
- name: weave
  repository: file://charts/weave
  version: 0.1.0
- name: mysql
  repository: file://charts/mysql
  version: 0.1.0
digest: sha256:97fa6018a524348b546cecd7a7c49f872eac0040698e833f4b43ed583ba069fa
generated: "2023-08-15T22:43:20.053539432-04:00"
