dependencies:
- name: app
  repository: file://charts/app
  version: 0.1.0
- name: console
  repository: file://charts/console
  version: 0.1.0
- name: weave
  repository: file://charts/weave
  version: 0.1.0
- name: parquet
  repository: file://charts/parquet
  version: 0.1.0
- name: mysql
  repository: file://charts/mysql
  version: 0.1.0
- name: prometheus
  repository: file://charts/prometheus
  version: 0.1.0
- name: redis
  repository: https://charts.bitnami.com/bitnami
  version: 18.5.0
- name: otel
  repository: file://charts/otel
  version: 0.1.0
- name: datadog-operator
  repository: https://helm.datadoghq.com
  version: 1.4.0
digest: sha256:d13face3ad2502a85419a82d3b8e3ae494ba1ee6ea1834109cc1c472b87bde77
generated: "2023-12-12T16:56:33.840759296Z"
