dependencies:
- name: app
  repository: file://charts/app
  version: 0.1.0
- name: console
  repository: file://charts/console
  version: 0.1.0
- name: weave
  repository: file://charts/weave
  version: 0.1.0
- name: parquet
  repository: file://charts/parquet
  version: 0.1.0
- name: mysql
  repository: file://charts/mysql
  version: 0.1.0
- name: prometheus
  repository: file://charts/prometheus
  version: 0.1.0
- name: redis
  repository: https://charts.bitnami.com/bitnami
  version: 18.4.0
- name: otel
  repository: file://charts/otel
  version: 0.1.0
- name: datadog-crds
  repository: https://helm.datadoghq.com
  version: 1.2.0
digest: sha256:c09baf4742fa935338ee126c35a5ef0f93822263dcfb0dd8234411f276c21e08
generated: "2023-12-06T07:27:40.136083794Z"
