dependencies:
- name: wandb-base
  repository: file://../wandb-base
  version: 0.12.1
- name: wandb-base
  repository: file://../wandb-base
  version: 0.12.1
- name: wandb-base
  repository: file://../wandb-base
  version: 0.12.1
- name: wandb-base
  repository: file://../wandb-base
  version: 0.12.1
- name: wandb-base
  repository: file://../wandb-base
  version: 0.12.1
- name: wandb-base
  repository: file://../wandb-base
  version: 0.12.1
- name: wandb-base
  repository: file://../wandb-base
  version: 0.12.1
- name: wandb-base
  repository: file://../wandb-base
  version: 0.12.1
- name: wandb-base
  repository: file://../wandb-base
  version: 0.12.1
- name: wandb-base
  repository: file://../wandb-base
  version: 0.12.1
- name: wandb-base
  repository: file://../wandb-base
  version: 0.12.1
- name: wandb-base
  repository: file://../wandb-base
  version: 0.12.1
- name: mysql
  repository: file://charts/mysql
  version: 0.1.0
- name: prometheus
  repository: file://charts/prometheus
  version: 0.1.0
- name: redis
  repository: file://charts/redis
  version: 18.19.4
- name: kafka
  repository: file://charts/kafka
  version: 25.3.5
- name: etcd
  repository: file://charts/etcd
  version: 10.7.3
- name: bufstream
  repository: file://charts/bufstream
  version: 0.3.5
- name: otel
  repository: file://charts/otel
  version: 0.1.0
- name: wandb-base
  repository: file://../wandb-base
  version: 0.12.1
- name: wandb-base
  repository: file://../wandb-base
  version: 0.12.1
- name: wandb-base
  repository: file://../wandb-base
  version: 0.12.1
- name: wandb-base
  repository: file://../wandb-base
  version: 0.12.1
- name: stackdriver
  repository: file://charts/stackdriver
  version: 0.1.0
- name: yace
  repository: file://charts/yace
  version: 0.1.0
- name: wandb-base
  repository: file://../wandb-base
  version: 0.12.1
- name: wandb-base
  repository: file://../wandb-base
  version: 0.12.1
- name: wandb-base
  repository: file://../wandb-base
  version: 0.12.1
- name: wandb-base
  repository: file://../wandb-base
  version: 0.12.1
- name: wandb-base
  repository: file://../wandb-base
  version: 0.12.1
- name: wandb-base
  repository: file://../wandb-base
  version: 0.12.1
- name: wandb-base
  repository: file://../wandb-base
  version: 0.12.1
- name: wandb-base
  repository: file://../wandb-base
  version: 0.12.1
- name: wandb-base
  repository: file://../wandb-base
  version: 0.12.1
- name: wandb-base
  repository: file://../wandb-base
  version: 0.12.1
- name: wandb-base
  repository: file://../wandb-base
  version: 0.12.1
- name: reloader
  repository: https://stakater.github.io/stakater-charts
  version: 1.3.0
- name: clickhouse
  repository: file://charts/clickhouse
  version: 9.1.1
digest: sha256:23b5f4b1361d0f4e722c0a2d3d1847cee1558f486a9262edfd5a00359b90e48c
generated: "2026-05-20T11:37:46.018087-05:00"
