dependencies:
- name: wandb-base
  repository: file://../wandb-base
  version: 0.12.4
- name: wandb-base
  repository: file://../wandb-base
  version: 0.12.4
- name: wandb-base
  repository: file://../wandb-base
  version: 0.12.4
digest: sha256:70ee84eadc58e48ab0a7278b203389a098f86ce67307624133bc194c59f5a4f0
generated: "2026-07-20T16:48:04.039475-05:00"
