dependencies:
- name: redis-exporter
  repository: file://charts/redis-exporter
  version: 0.1.0
- name: mysql-exporter
  repository: file://charts/mysql-exporter
  version: 0.1.0
- name: prometheus
  repository: https://prometheus-community.github.io/helm-charts
  version: 24.1.0
digest: sha256:967a374202d5c74d26e687d7c93e38787ffc7f2698bd5191bd0d48d3bed19e5d
generated: "2023-09-05T00:12:00.184161-04:00"
