dependencies:
- name: redis-exporter
  repository: file://charts/redis-exporter
  version: 0.1.0
- name: mysql-exporter
  repository: file://charts/mysql-exporter
  version: 0.1.0
- name: prometheus
  repository: https://prometheus-community.github.io/helm-charts
  version: 24.3.0
digest: sha256:994f055ee854342ab09c0a12f39dc4b0e03619c87c5e8642c58add7c34a93785
generated: "2023-09-05T20:41:27.815758-04:00"
