dependencies:
- name: otel
  repository: file://charts/otel
  version: 0.2.4
- name: wandb-base
  repository: file://../wandb-base
  version: 0.12.0
- name: wandb-base
  repository: file://../wandb-base
  version: 0.12.0
- name: wandb-base
  repository: file://../wandb-base
  version: 0.12.0
digest: sha256:046b5af6db5282cdc6a78b0e6c23cf2c21c4f2cc961e54ca766670a09a147328
generated: "2026-06-18T16:03:22.762486-04:00"
