dependencies:
- name: migrations
  repository: file://charts/migrations
  version: 0.1.6
- name: otel
  repository: file://charts/otel
  version: 0.2.4
- name: wandb-base
  repository: file://../wandb-base
  version: 0.12.0
- name: wandb-base
  repository: file://../wandb-base
  version: 0.12.0
- name: wandb-base
  repository: file://../wandb-base
  version: 0.12.0
digest: sha256:1833fffc5f5474832169714832c20088b4ed4d7915a5bed7b1d7e5a867d0450f
generated: "2026-06-18T15:10:00.382077-04:00"
