dependencies:
- name: otel
  repository: file://charts/otel
  version: 0.2.4
- name: wandb-base
  repository: file://../wandb-base
  version: 0.12.4
- name: wandb-base
  repository: file://../wandb-base
  version: 0.12.4
- name: wandb-base
  repository: file://../wandb-base
  version: 0.12.4
digest: sha256:cacd0c5539600e06bf59055669952dc9d78390387470ff8414dee8ebc49db6b4
generated: "2026-07-07T18:27:06.252352-07:00"
